
Microsoft Visual Studio Solution File, Format Version 12.00
# Visual Studio Version 17
VisualStudioVersion = 17.14.36301.6 d17.14
MinimumVisualStudioVersion = 10.0.40219.1
Project("{FAE04EC0-301F-11D3-BF4B-00C04F79EFBC}") = "Hard_Info", "Hard_Info\Hard_Info.csproj", "{0FFD586F-8150-4479-A6B9-59F2B75F116F}"
EndProject
Global
	GlobalSection(SolutionConfigurationPlatforms) = preSolution
		Debug|Any CPU = Debug|Any CPU
		Debug|x64 = Debug|x64
		Release|Any CPU = Release|Any CPU
		Release|x64 = Release|x64
	EndGlobalSection
	GlobalSection(ProjectConfigurationPlatforms) = postSolution
		{0FFD586F-8150-4479-A6B9-59F2B75F116F}.Debug|Any CPU.ActiveCfg = Debug|Any CPU
		{0FFD586F-8150-4479-A6B9-59F2B75F116F}.Debug|Any CPU.Build.0 = Debug|Any CPU
		{0FFD586F-8150-4479-A6B9-59F2B75F116F}.Debug|x64.ActiveCfg = Debug|x64
		{0FFD586F-8150-4479-A6B9-59F2B75F116F}.Debug|x64.Build.0 = Debug|x64
		{0FFD586F-8150-4479-A6B9-59F2B75F116F}.Release|Any CPU.ActiveCfg = Release|Any CPU
		{0FFD586F-8150-4479-A6B9-59F2B75F116F}.Release|Any CPU.Build.0 = Release|Any CPU
		{0FFD586F-8150-4479-A6B9-59F2B75F116F}.Release|x64.ActiveCfg = Release|x64
		{0FFD586F-8150-4479-A6B9-59F2B75F116F}.Release|x64.Build.0 = Release|x64
	EndGlobalSection
	GlobalSection(SolutionProperties) = preSolution
		HideSolutionNode = FALSE
	EndGlobalSection
	GlobalSection(ExtensibilityGlobals) = postSolution
		SolutionGuid = {E6C47B73-6CFD-4CF9-B646-53C6E47F2A42}
	EndGlobalSection
EndGlobal
